
Microsoft Visual Studio Solution File, Format Version 12.00
# Visual Studio 15
VisualStudioVersion = 15.0.33026.149
MinimumVisualStudioVersion = 10.0.40219.1
Project("{FAE04EC0-301F-11D3-BF4B-00C04F79EFBC}") = "TimberV2", "TimberV2\TimberV2.csproj", "{BBED8F6F-D6BC-40B0-8EC0-CA58A434C5E6}"
EndProject
Global
	GlobalSection(SolutionConfigurationPlatforms) = preSolution
		Debug|Any CPU = Debug|Any CPU
		Release|Any CPU = Release|Any CPU
	EndGlobalSection
	GlobalSection(ProjectConfigurationPlatforms) = postSolution
		{BBED8F6F-D6BC-40B0-8EC0-CA58A434C5E6}.Debug|Any CPU.ActiveCfg = Debug|Any CPU
		{BBED8F6F-D6BC-40B0-8EC0-CA58A434C5E6}.Debug|Any CPU.Build.0 = Debug|Any CPU
		{BBED8F6F-D6BC-40B0-8EC0-CA58A434C5E6}.Release|Any CPU.ActiveCfg = Release|Any CPU
		{BBED8F6F-D6BC-40B0-8EC0-CA58A434C5E6}.Release|Any CPU.Build.0 = Release|Any CPU
	EndGlobalSection
	GlobalSection(SolutionProperties) = preSolution
		HideSolutionNode = FALSE
	EndGlobalSection
	GlobalSection(ExtensibilityGlobals) = postSolution
		SolutionGuid = {2AD9007F-AEB8-4CB5-98E2-C21D9C4544D6}
	EndGlobalSection
EndGlobal
